
Microsoft Visual Studio Solution File, Format Version 12.00
# Visual Studio Version 16
VisualStudioVersion = 16.0.30204.135
MinimumVisualStudioVersion = 10.0.40219.1
Project("{8BC9CEB8-8B4A-11D0-8D11-00A0C91BC942}") = "Bulls and Cows", "Bulls and Cows\Bulls and Cows.vcxproj", "{A82C83C8-8D18-482A-B912-FC59F18B5685}"
EndProject
Global
	GlobalSection(SolutionConfigurationPlatforms) = preSolution
		Debug|x64 = Debug|x64
		Debug|x86 = Debug|x86
		Release|x64 = Release|x64
		Release|x86 = Release|x86
	EndGlobalSection
	GlobalSection(ProjectConfigurationPlatforms) = postSolution
		{A82C83C8-8D18-482A-B912-FC59F18B5685}.Debug|x64.ActiveCfg = Debug|x64
		{A82C83C8-8D18-482A-B912-FC59F18B5685}.Debug|x64.Build.0 = Debug|x64
		{A82C83C8-8D18-482A-B912-FC59F18B5685}.Debug|x86.ActiveCfg = Debug|Win32
		{A82C83C8-8D18-482A-B912-FC59F18B5685}.Debug|x86.Build.0 = Debug|Win32
		{A82C83C8-8D18-482A-B912-FC59F18B5685}.Release|x64.ActiveCfg = Release|x64
		{A82C83C8-8D18-482A-B912-FC59F18B5685}.Release|x64.Build.0 = Release|x64
		{A82C83C8-8D18-482A-B912-FC59F18B5685}.Release|x86.ActiveCfg = Release|Win32
		{A82C83C8-8D18-482A-B912-FC59F18B5685}.Release|x86.Build.0 = Release|Win32
	EndGlobalSection
	GlobalSection(SolutionProperties) = preSolution
		HideSolutionNode = FALSE
	EndGlobalSection
	GlobalSection(ExtensibilityGlobals) = postSolution
		SolutionGuid = {BAB940F3-EDBA-4EBB-89D8-66F81499A460}
	EndGlobalSection
EndGlobal
